#
# Licensed to the Apache Software Foundation (ASF) under one
# or more contributor license agreements.  See the NOTICE file
# distributed with this work for additional information
# regarding copyright ownership.  The ASF licenses this file
# to you under the Apache License, Version 2.0 (the
# "License"); you may not use this file except in compliance
# with the License.  You may obtain a copy of the License at
#
#   http://www.apache.org/licenses/LICENSE-2.0
#
# Unless required by applicable law or agreed to in writing,
# software distributed under the License is distributed on an
# "AS IS" BASIS, WITHOUT WARRANTIES OR CONDITIONS OF ANY
# KIND, either express or implied.  See the License for the
# specific language governing permissions and limitations
# under the License.
#

dependencies:
- name: zookeeper
  repository: https://kubernetes-charts-incubator.storage.googleapis.com/
  version: 2.0.0
digest: sha256:49109ba68ee2345e11377f7e32ec0418f8738ab9c28a25e14db0797738cd97e3
generated: "2019-10-21T13:54:19.613672-07:00"
